
Microsoft Visual Studio Solution File, Format Version 12.00
# Visual Studio Version 17
VisualStudioVersion = 17.5.33209.295
MinimumVisualStudioVersion = 10.0.40219.1
Project("{9A19103F-16F7-4668-BE54-9A1E7A4F7556}") = "OMT.APIHost", "OMT.APIHost\OMT.APIHost.csproj", "{6ADAA4B6-C83A-48E9-BC7E-15292E6980DD}"
EndProject
Project("{9A19103F-16F7-4668-BE54-9A1E7A4F7556}") = "OMT.Authorization", "OMT.Authorization\OMT.Authorization.csproj", "{14579D1E-E41E-45F3-AA2D-F81526D1BD0B}"
EndProject
Project("{9A19103F-16F7-4668-BE54-9A1E7A4F7556}") = "OMT.DataAccess", "OMT.DataAccess\OMT.DataAccess.csproj", "{79E1D2DA-200D-4F86-99CE-DD08A001DB76}"
EndProject
Project("{9A19103F-16F7-4668-BE54-9A1E7A4F7556}") = "OMT.DataService", "OMT.DataService\OMT.DataService.csproj", "{407DD5E1-B403-4929-BC2E-CA681A8655D1}"
EndProject
Project("{9A19103F-16F7-4668-BE54-9A1E7A4F7556}") = "OMT.DTO", "OMT.DTO\OMT.DTO.csproj", "{62792F53-F1D9-4FAF-ACEB-36CB77B7DF02}"
EndProject
Project("{9A19103F-16F7-4668-BE54-9A1E7A4F7556}") = "DailyInvoiceGenerator", "DailyInvoiceGenerator\DailyInvoiceGenerator.csproj", "{2431CEE4-B6E2-47AE-B881-96022AE8A431}"
EndProject
Project("{9A19103F-16F7-4668-BE54-9A1E7A4F7556}") = "TrdIntegrator", "TrdIntegrator\TrdIntegrator.csproj", "{27CE69A3-0B39-40FA-8BB2-1E65D0D7B382}"
EndProject
Project("{9A19103F-16F7-4668-BE54-9A1E7A4F7556}") = "PendingSciOrders", "PendingSciOrders\PendingSciOrders.csproj", "{C5D07328-ED33-407C-8FB2-1F70721BE373}"
EndProject
Project("{9A19103F-16F7-4668-BE54-9A1E7A4F7556}") = "CalculationForGOC", "CalculationForGOC\CalculationForGOC.csproj", "{E3B8FDFD-82FD-460B-BF78-63D047D57D10}"
EndProject
Project("{9A19103F-16F7-4668-BE54-9A1E7A4F7556}") = "PendingSciOrders_5pm", "PendingSciOrders_5pm\PendingSciOrders_5pm.csproj", "{80B0B0CF-BA73-4E29-8D30-293344FCBA28}"
EndProject
Project("{9A19103F-16F7-4668-BE54-9A1E7A4F7556}") = "PendingSciOrders_4.30pm", "PendingSciOrders_4.30pm\PendingSciOrders_4.30pm.csproj", "{51A6DFBA-3078-4C59-8D04-EFB135C7CAC4}"
EndProject
Project("{9A19103F-16F7-4668-BE54-9A1E7A4F7556}") = "ProductivityUtilization", "ProductivityUtilization\ProductivityUtilization.csproj", "{B3257377-6905-4A42-9234-03705D5F8508}"
EndProject
Project("{9A19103F-16F7-4668-BE54-9A1E7A4F7556}") = "CheckOut", "CheckOut\CheckOut.csproj", "{EB1575C1-DC50-48BC-80CF-A95D4331C1ED}"
EndProject
Project("{FAE04EC0-301F-11D3-BF4B-00C04F79EFBC}") = "DailyStatusCountCalc", "DailyStatusCountCalc\DailyStatusCountCalc.csproj", "{FCD88844-3402-41A2-B33C-0AB8CF1EB9E0}"
EndProject
Global
	GlobalSection(SolutionConfigurationPlatforms) = preSolution
		Debug|Any CPU = Debug|Any CPU
		Release|Any CPU = Release|Any CPU
	EndGlobalSection
	GlobalSection(ProjectConfigurationPlatforms) = postSolution
		{6ADAA4B6-C83A-48E9-BC7E-15292E6980DD}.Debug|Any CPU.ActiveCfg = Debug|Any CPU
		{6ADAA4B6-C83A-48E9-BC7E-15292E6980DD}.Debug|Any CPU.Build.0 = Debug|Any CPU
		{6ADAA4B6-C83A-48E9-BC7E-15292E6980DD}.Release|Any CPU.ActiveCfg = Release|Any CPU
		{6ADAA4B6-C83A-48E9-BC7E-15292E6980DD}.Release|Any CPU.Build.0 = Release|Any CPU
		{14579D1E-E41E-45F3-AA2D-F81526D1BD0B}.Debug|Any CPU.ActiveCfg = Debug|Any CPU
		{14579D1E-E41E-45F3-AA2D-F81526D1BD0B}.Debug|Any CPU.Build.0 = Debug|Any CPU
		{14579D1E-E41E-45F3-AA2D-F81526D1BD0B}.Release|Any CPU.ActiveCfg = Release|Any CPU
		{14579D1E-E41E-45F3-AA2D-F81526D1BD0B}.Release|Any CPU.Build.0 = Release|Any CPU
		{79E1D2DA-200D-4F86-99CE-DD08A001DB76}.Debug|Any CPU.ActiveCfg = Debug|Any CPU
		{79E1D2DA-200D-4F86-99CE-DD08A001DB76}.Debug|Any CPU.Build.0 = Debug|Any CPU
		{79E1D2DA-200D-4F86-99CE-DD08A001DB76}.Release|Any CPU.ActiveCfg = Release|Any CPU
		{79E1D2DA-200D-4F86-99CE-DD08A001DB76}.Release|Any CPU.Build.0 = Release|Any CPU
		{407DD5E1-B403-4929-BC2E-CA681A8655D1}.Debug|Any CPU.ActiveCfg = Debug|Any CPU
		{407DD5E1-B403-4929-BC2E-CA681A8655D1}.Debug|Any CPU.Build.0 = Debug|Any CPU
		{407DD5E1-B403-4929-BC2E-CA681A8655D1}.Release|Any CPU.ActiveCfg = Release|Any CPU
		{407DD5E1-B403-4929-BC2E-CA681A8655D1}.Release|Any CPU.Build.0 = Release|Any CPU
		{62792F53-F1D9-4FAF-ACEB-36CB77B7DF02}.Debug|Any CPU.ActiveCfg = Debug|Any CPU
		{62792F53-F1D9-4FAF-ACEB-36CB77B7DF02}.Debug|Any CPU.Build.0 = Debug|Any CPU
		{62792F53-F1D9-4FAF-ACEB-36CB77B7DF02}.Release|Any CPU.ActiveCfg = Release|Any CPU
		{62792F53-F1D9-4FAF-ACEB-36CB77B7DF02}.Release|Any CPU.Build.0 = Release|Any CPU
		{2431CEE4-B6E2-47AE-B881-96022AE8A431}.Debug|Any CPU.ActiveCfg = Debug|Any CPU
		{2431CEE4-B6E2-47AE-B881-96022AE8A431}.Debug|Any CPU.Build.0 = Debug|Any CPU
		{2431CEE4-B6E2-47AE-B881-96022AE8A431}.Release|Any CPU.ActiveCfg = Release|Any CPU
		{2431CEE4-B6E2-47AE-B881-96022AE8A431}.Release|Any CPU.Build.0 = Release|Any CPU
		{27CE69A3-0B39-40FA-8BB2-1E65D0D7B382}.Debug|Any CPU.ActiveCfg = Debug|Any CPU
		{27CE69A3-0B39-40FA-8BB2-1E65D0D7B382}.Debug|Any CPU.Build.0 = Debug|Any CPU
		{27CE69A3-0B39-40FA-8BB2-1E65D0D7B382}.Release|Any CPU.ActiveCfg = Release|Any CPU
		{27CE69A3-0B39-40FA-8BB2-1E65D0D7B382}.Release|Any CPU.Build.0 = Release|Any CPU
		{C5D07328-ED33-407C-8FB2-1F70721BE373}.Debug|Any CPU.ActiveCfg = Debug|Any CPU
		{C5D07328-ED33-407C-8FB2-1F70721BE373}.Debug|Any CPU.Build.0 = Debug|Any CPU
		{C5D07328-ED33-407C-8FB2-1F70721BE373}.Release|Any CPU.ActiveCfg = Release|Any CPU
		{C5D07328-ED33-407C-8FB2-1F70721BE373}.Release|Any CPU.Build.0 = Release|Any CPU
		{E3B8FDFD-82FD-460B-BF78-63D047D57D10}.Debug|Any CPU.ActiveCfg = Debug|Any CPU
		{E3B8FDFD-82FD-460B-BF78-63D047D57D10}.Debug|Any CPU.Build.0 = Debug|Any CPU
		{E3B8FDFD-82FD-460B-BF78-63D047D57D10}.Release|Any CPU.ActiveCfg = Release|Any CPU
		{E3B8FDFD-82FD-460B-BF78-63D047D57D10}.Release|Any CPU.Build.0 = Release|Any CPU
		{80B0B0CF-BA73-4E29-8D30-293344FCBA28}.Debug|Any CPU.ActiveCfg = Debug|Any CPU
		{80B0B0CF-BA73-4E29-8D30-293344FCBA28}.Debug|Any CPU.Build.0 = Debug|Any CPU
		{80B0B0CF-BA73-4E29-8D30-293344FCBA28}.Release|Any CPU.ActiveCfg = Release|Any CPU
		{80B0B0CF-BA73-4E29-8D30-293344FCBA28}.Release|Any CPU.Build.0 = Release|Any CPU
		{51A6DFBA-3078-4C59-8D04-EFB135C7CAC4}.Debug|Any CPU.ActiveCfg = Debug|Any CPU
		{51A6DFBA-3078-4C59-8D04-EFB135C7CAC4}.Debug|Any CPU.Build.0 = Debug|Any CPU
		{51A6DFBA-3078-4C59-8D04-EFB135C7CAC4}.Release|Any CPU.ActiveCfg = Release|Any CPU
		{51A6DFBA-3078-4C59-8D04-EFB135C7CAC4}.Release|Any CPU.Build.0 = Release|Any CPU
		{B3257377-6905-4A42-9234-03705D5F8508}.Debug|Any CPU.ActiveCfg = Debug|Any CPU
		{B3257377-6905-4A42-9234-03705D5F8508}.Debug|Any CPU.Build.0 = Debug|Any CPU
		{B3257377-6905-4A42-9234-03705D5F8508}.Release|Any CPU.ActiveCfg = Release|Any CPU
		{B3257377-6905-4A42-9234-03705D5F8508}.Release|Any CPU.Build.0 = Release|Any CPU
		{EB1575C1-DC50-48BC-80CF-A95D4331C1ED}.Debug|Any CPU.ActiveCfg = Debug|Any CPU
		{EB1575C1-DC50-48BC-80CF-A95D4331C1ED}.Debug|Any CPU.Build.0 = Debug|Any CPU
		{EB1575C1-DC50-48BC-80CF-A95D4331C1ED}.Release|Any CPU.ActiveCfg = Release|Any CPU
		{EB1575C1-DC50-48BC-80CF-A95D4331C1ED}.Release|Any CPU.Build.0 = Release|Any CPU
		{FCD88844-3402-41A2-B33C-0AB8CF1EB9E0}.Debug|Any CPU.ActiveCfg = Debug|Any CPU
		{FCD88844-3402-41A2-B33C-0AB8CF1EB9E0}.Debug|Any CPU.Build.0 = Debug|Any CPU
		{FCD88844-3402-41A2-B33C-0AB8CF1EB9E0}.Release|Any CPU.ActiveCfg = Release|Any CPU
		{FCD88844-3402-41A2-B33C-0AB8CF1EB9E0}.Release|Any CPU.Build.0 = Release|Any CPU
	EndGlobalSection
	GlobalSection(SolutionProperties) = preSolution
		HideSolutionNode = FALSE
	EndGlobalSection
	GlobalSection(ExtensibilityGlobals) = postSolution
		SolutionGuid = {649C1BC2-8155-48EA-95FA-22F8C992FAA0}
	EndGlobalSection
EndGlobal
